{
  "name": "gachi-script",
  "displayName": "GachiScript",
  "version": "0.0.1",
  "publisher": "you",
  "engines": {
    "vscode": "^1.85.0"
  },
  "categories": [
    "Programming Languages"
  ],
  "contributes": {
    "languages": [
      {
        "id": "gachi",
        "aliases": [
          "GachiScript"
        ],
        "extensions": [
          ".gachi"
        ],
        "configuration": "./language-configuration.json"
      }
    ],
    "grammars": [
      {
        "language": "gachi",
        "scopeName": "source.gachi",
        "path": "./syntaxes/gachi.tmLanguage.json"
      }
    ]
  }
}
